
Microsoft Visual Studio Solution File, Format Version 12.00
# Visual Studio Version 16
VisualStudioVersion = 16.0.30907.101
MinimumVisualStudioVersion = 10.0.40219.1
Project("{9A19103F-16F7-4668-BE54-9A1E7A4F7556}") = "ExchangeRates.API", "ExchangeRates.API\ExchangeRates.API.csproj", "{B999192F-8CB0-4720-942C-1765A944E33F}"
EndProject
Project("{9A19103F-16F7-4668-BE54-9A1E7A4F7556}") = "ExchangeRates.Service", "ExchangeRates.Service\ExchangeRates.Service.csproj", "{37734323-7831-4DC1-95D5-7162CF3C107B}"
EndProject
Project("{FAE04EC0-301F-11D3-BF4B-00C04F79EFBC}") = "ExchangeRates.Core", "ExchangeRates.Core\ExchangeRates.Core.csproj", "{11F4963D-2F7C-4334-9A81-F908FC0FF216}"
EndProject
Global
	GlobalSection(SolutionConfigurationPlatforms) = preSolution
		Debug|Any CPU = Debug|Any CPU
		Release|Any CPU = Release|Any CPU
	EndGlobalSection
	GlobalSection(ProjectConfigurationPlatforms) = postSolution
		{B999192F-8CB0-4720-942C-1765A944E33F}.Debug|Any CPU.ActiveCfg = Debug|Any CPU
		{B999192F-8CB0-4720-942C-1765A944E33F}.Debug|Any CPU.Build.0 = Debug|Any CPU
		{B999192F-8CB0-4720-942C-1765A944E33F}.Release|Any CPU.ActiveCfg = Release|Any CPU
		{B999192F-8CB0-4720-942C-1765A944E33F}.Release|Any CPU.Build.0 = Release|Any CPU
		{37734323-7831-4DC1-95D5-7162CF3C107B}.Debug|Any CPU.ActiveCfg = Debug|Any CPU
		{37734323-7831-4DC1-95D5-7162CF3C107B}.Debug|Any CPU.Build.0 = Debug|Any CPU
		{37734323-7831-4DC1-95D5-7162CF3C107B}.Release|Any CPU.ActiveCfg = Release|Any CPU
		{37734323-7831-4DC1-95D5-7162CF3C107B}.Release|Any CPU.Build.0 = Release|Any CPU
		{11F4963D-2F7C-4334-9A81-F908FC0FF216}.Debug|Any CPU.ActiveCfg = Debug|Any CPU
		{11F4963D-2F7C-4334-9A81-F908FC0FF216}.Debug|Any CPU.Build.0 = Debug|Any CPU
		{11F4963D-2F7C-4334-9A81-F908FC0FF216}.Release|Any CPU.ActiveCfg = Release|Any CPU
		{11F4963D-2F7C-4334-9A81-F908FC0FF216}.Release|Any CPU.Build.0 = Release|Any CPU
	EndGlobalSection
	GlobalSection(SolutionProperties) = preSolution
		HideSolutionNode = FALSE
	EndGlobalSection
	GlobalSection(ExtensibilityGlobals) = postSolution
		SolutionGuid = {9272511D-3C7C-43D7-81ED-19FA9F447511}
	EndGlobalSection
EndGlobal
